
Microsoft Visual Studio Solution File, Format Version 12.00
# Visual Studio Version 17
VisualStudioVersion = 17.7.34031.279
MinimumVisualStudioVersion = 10.0.40219.1
Project("{FAE04EC0-301F-11D3-BF4B-00C04F79EFBC}") = "Project", "Project.csproj", "{5A9E4125-1F63-4BDD-9D43-5B6BF96B8E5D}"
EndProject
Global
	GlobalSection(SolutionConfigurationPlatforms) = preSolution
		Debug|Any CPU = Debug|Any CPU
		Release|Any CPU = Release|Any CPU
	EndGlobalSection
	GlobalSection(ProjectConfigurationPlatforms) = postSolution
		{5A9E4125-1F63-4BDD-9D43-5B6BF96B8E5D}.Debug|Any CPU.ActiveCfg = Debug|Any CPU
		{5A9E4125-1F63-4BDD-9D43-5B6BF96B8E5D}.Debug|Any CPU.Build.0 = Debug|Any CPU
		{5A9E4125-1F63-4BDD-9D43-5B6BF96B8E5D}.Release|Any CPU.ActiveCfg = Release|Any CPU
		{5A9E4125-1F63-4BDD-9D43-5B6BF96B8E5D}.Release|Any CPU.Build.0 = Release|Any CPU
	EndGlobalSection
	GlobalSection(SolutionProperties) = preSolution
		HideSolutionNode = FALSE
	EndGlobalSection
	GlobalSection(ExtensibilityGlobals) = postSolution
		SolutionGuid = {72DB45A1-B154-41EB-97CF-0F7E63051058}
	EndGlobalSection
EndGlobal
